// !$*UTF8*$!
{
	archiveVersion = 1;
	classes = {
	};
	objectVersion = 51;
	objects = {

/* Begin PBXBuildFile section */
		A36F430F251A375600FFBBDE /* AppDelegate.swift in Sources */ = {isa = PBXBuildFile; fileRef = A36F430E251A375600FFBBDE /* AppDelegate.swift */; };
		A36F4313251A375600FFBBDE /* AuthorizationViewController.swift in Sources */ = {isa = PBXBuildFile; fileRef = A36F4312251A375600FFBBDE /* AuthorizationViewController.swift */; };
		A36F4316251A375600FFBBDE /* Main.storyboard in Resources */ = {isa = PBXBuildFile; fileRef = A36F4314251A375600FFBBDE /* Main.storyboard */; };
		A36F4318251A375800FFBBDE /* Assets.xcassets in Resources */ = {isa = PBXBuildFile; fileRef = A36F4317251A375800FFBBDE /* Assets.xcassets */; };
		A36F431B251A375800FFBBDE /* LaunchScreen.storyboard in Resources */ = {isa = PBXBuildFile; fileRef = A36F4319251A375800FFBBDE /* LaunchScreen.storyboard */; };
		A3786223252EFC3900AF866D /* PostsTableViewController.swift in Sources */ = {isa = PBXBuildFile; fileRef = A3786222252EFC3900AF866D /* PostsTableViewController.swift */; };
		A3786226252EFE8D00AF866D /* PostTableViewCell.swift in Sources */ = {isa = PBXBuildFile; fileRef = A3786224252EFE8D00AF866D /* PostTableViewCell.swift */; };
		A3786227252EFE8D00AF866D /* PostTableViewCell.xib in Resources */ = {isa = PBXBuildFile; fileRef = A3786225252EFE8D00AF866D /* PostTableViewCell.xib */; };
		A3CFED592538744B0073C0D2 /* PostsService.swift in Sources */ = {isa = PBXBuildFile; fileRef = A3CFED5725386FEA0073C0D2 /* PostsService.swift */; };
		A3CFED5D25387CE70073C0D2 /* PostItem.swift in Sources */ = {isa = PBXBuildFile; fileRef = A3CFED5525385A400073C0D2 /* PostItem.swift */; };
		A3CFED5E25387DCC0073C0D2 /* PostCellViewModel.swift in Sources */ = {isa = PBXBuildFile; fileRef = A3CFED5A25387B4E0073C0D2 /* PostCellViewModel.swift */; };
		A3CFED6025388F060073C0D2 /* UIImageView+Extensions.swift in Sources */ = {isa = PBXBuildFile; fileRef = A3CFED5F25388F060073C0D2 /* UIImageView+Extensions.swift */; };
		A3CFED6225389BB70073C0D2 /* AuthorItem.swift in Sources */ = {isa = PBXBuildFile; fileRef = A3CFED6125389BB70073C0D2 /* AuthorItem.swift */; };
		B9D30F53E0B6CD08B96C9241 /* Pods_VKApp.framework in Frameworks */ = {isa = PBXBuildFile; fileRef = 6227EB74546475FAF63E5F94 /* Pods_VKApp.framework */; };
/* End PBXBuildFile section */

/* Begin PBXContainerItemProxy section */
		A36F4322251A375800FFBBDE /* PBXContainerItemProxy */ = {
			isa = PBXContainerItemProxy;
			containerPortal = A36F4303251A375600FFBBDE /* Project object */;
			proxyType = 1;
			remoteGlobalIDString = A36F430A251A375600FFBBDE;
			remoteInfo = VKApp;
		};
/* End PBXContainerItemProxy section */

/* Begin PBXFileReference section */
		3CB43AC6FC60E94F01796597 /* Pods-VKApp.debug.xcconfig */ = {isa = PBXFileReference; includeInIndex = 1; lastKnownFileType = text.xcconfig; name = "Pods-VKApp.debug.xcconfig"; path = "Target Support Files/Pods-VKApp/Pods-VKApp.debug.xcconfig"; sourceTree = "<group>"; };
		6227EB74546475FAF63E5F94 /* Pods_VKApp.framework */ = {isa = PBXFileReference; explicitFileType = wrapper.framework; includeInIndex = 0; path = Pods_VKApp.framework; sourceTree = BUILT_PRODUCTS_DIR; };
		6E132CB74084FB231236546A /* Pods-VKApp.release.xcconfig */ = {isa = PBXFileReference; includeInIndex = 1; lastKnownFileType = text.xcconfig; name = "Pods-VKApp.release.xcconfig"; path = "Target Support Files/Pods-VKApp/Pods-VKApp.release.xcconfig"; sourceTree = "<group>"; };
		A36F430B251A375600FFBBDE /* VKApp.app */ = {isa = PBXFileReference; explicitFileType = wrapper.application; includeInIndex = 0; path = VKApp.app; sourceTree = BUILT_PRODUCTS_DIR; };
		A36F430E251A375600FFBBDE /* AppDelegate.swift */ = {isa = PBXFileReference; lastKnownFileType = sourcecode.swift; path = AppDelegate.swift; sourceTree = "<group>"; };
		A36F4312251A375600FFBBDE /* AuthorizationViewController.swift */ = {isa = PBXFileReference; lastKnownFileType = sourcecode.swift; path = AuthorizationViewController.swift; sourceTree = "<group>"; };
		A36F4315251A375600FFBBDE /* Base */ = {isa = PBXFileReference; lastKnownFileType = file.storyboard; name = Base; path = Base.lproj/Main.storyboard; sourceTree = "<group>"; };
		A36F4317251A375800FFBBDE /* Assets.xcassets */ = {isa = PBXFileReference; lastKnownFileType = folder.assetcatalog; path = Assets.xcassets; sourceTree = "<group>"; };
		A36F431A251A375800FFBBDE /* Base */ = {isa = PBXFileReference; lastKnownFileType = file.storyboard; name = Base; path = Base.lproj/LaunchScreen.storyboard; sourceTree = "<group>"; };
		A36F431C251A375800FFBBDE /* Info.plist */ = {isa = PBXFileReference; lastKnownFileType = text.plist.xml; path = Info.plist; sourceTree = "<group>"; };
		A36F4321251A375800FFBBDE /* VKAppTests.xctest */ = {isa = PBXFileReference; explicitFileType = wrapper.cfbundle; includeInIndex = 0; path = VKAppTests.xctest; sourceTree = BUILT_PRODUCTS_DIR; };
		A3786222252EFC3900AF866D /* PostsTableViewController.swift */ = {isa = PBXFileReference; lastKnownFileType = sourcecode.swift; path = PostsTableViewController.swift; sourceTree = "<group>"; };
		A3786224252EFE8D00AF866D /* PostTableViewCell.swift */ = {isa = PBXFileReference; lastKnownFileType = sourcecode.swift; path = PostTableViewCell.swift; sourceTree = "<group>"; };
		A3786225252EFE8D00AF866D /* PostTableViewCell.xib */ = {isa = PBXFileReference; lastKnownFileType = file.xib; path = PostTableViewCell.xib; sourceTree = "<group>"; };
		A3CFED5525385A400073C0D2 /* PostItem.swift */ = {isa = PBXFileReference; lastKnownFileType = sourcecode.swift; path = PostItem.swift; sourceTree = "<group>"; };
		A3CFED5725386FEA0073C0D2 /* PostsService.swift */ = {isa = PBXFileReference; lastKnownFileType = sourcecode.swift; path = PostsService.swift; sourceTree = "<group>"; };
		A3CFED5A25387B4E0073C0D2 /* PostCellViewModel.swift */ = {isa = PBXFileReference; lastKnownFileType = sourcecode.swift; path = PostCellViewModel.swift; sourceTree = "<group>"; };
		A3CFED5F25388F060073C0D2 /* UIImageView+Extensions.swift */ = {isa = PBXFileReference; lastKnownFileType = sourcecode.swift; path = "UIImageView+Extensions.swift"; sourceTree = "<group>"; };
		A3CFED6125389BB70073C0D2 /* AuthorItem.swift */ = {isa = PBXFileReference; lastKnownFileType = sourcecode.swift; path = AuthorItem.swift; sourceTree = "<group>"; };
/* End PBXFileReference section */

/* Begin PBXFrameworksBuildPhase section */
		A36F4308251A375600FFBBDE /* Frameworks */ = {
			isa = PBXFrameworksBuildPhase;
			buildActionMask = 2147483647;
			files = (
				B9D30F53E0B6CD08B96C9241 /* Pods_VKApp.framework in Frameworks */,
			);
			runOnlyForDeploymentPostprocessing = 0;
		};
		A36F431E251A375800FFBBDE /* Frameworks */ = {
			isa = PBXFrameworksBuildPhase;
			buildActionMask = 2147483647;
			files = (
			);
			runOnlyForDeploymentPostprocessing = 0;
		};
/* End PBXFrameworksBuildPhase section */

/* Begin PBXGroup section */
		436428FBEAB8BDA0C1BB598B /* Frameworks */ = {
			isa = PBXGroup;
			children = (
				6227EB74546475FAF63E5F94 /* Pods_VKApp.framework */,
			);
			name = Frameworks;
			sourceTree = "<group>";
		};
		A36F4302251A375600FFBBDE = {
			isa = PBXGroup;
			children = (
				A3CFED5F25388F060073C0D2 /* UIImageView+Extensions.swift */,
				A36F430D251A375600FFBBDE /* VKApp */,
				A36F430C251A375600FFBBDE /* Products */,
				FAFB8343BE28FF7F8337808F /* Pods */,
				436428FBEAB8BDA0C1BB598B /* Frameworks */,
			);
			sourceTree = "<group>";
		};
		A36F430C251A375600FFBBDE /* Products */ = {
			isa = PBXGroup;
			children = (
				A36F430B251A375600FFBBDE /* VKApp.app */,
				A36F4321251A375800FFBBDE /* VKAppTests.xctest */,
			);
			name = Products;
			sourceTree = "<group>";
		};
		A36F430D251A375600FFBBDE /* VKApp */ = {
			isa = PBXGroup;
			children = (
				A36F430E251A375600FFBBDE /* AppDelegate.swift */,
				A36F4312251A375600FFBBDE /* AuthorizationViewController.swift */,
				A3786222252EFC3900AF866D /* PostsTableViewController.swift */,
				A3CFED6125389BB70073C0D2 /* AuthorItem.swift */,
				A3CFED5525385A400073C0D2 /* PostItem.swift */,
				A3CFED5725386FEA0073C0D2 /* PostsService.swift */,
				A3CFED5A25387B4E0073C0D2 /* PostCellViewModel.swift */,
				A3786224252EFE8D00AF866D /* PostTableViewCell.swift */,
				A3786225252EFE8D00AF866D /* PostTableViewCell.xib */,
				A36F4314251A375600FFBBDE /* Main.storyboard */,
				A36F4317251A375800FFBBDE /* Assets.xcassets */,
				A36F4319251A375800FFBBDE /* LaunchScreen.storyboard */,
				A36F431C251A375800FFBBDE /* Info.plist */,
			);
			path = VKApp;
			sourceTree = "<group>";
		};
		FAFB8343BE28FF7F8337808F /* Pods */ = {
			isa = PBXGroup;
			children = (
				3CB43AC6FC60E94F01796597 /* Pods-VKApp.debug.xcconfig */,
				6E132CB74084FB231236546A /* Pods-VKApp.release.xcconfig */,
			);
			path = Pods;
			sourceTree = "<group>";
		};
/* End PBXGroup section */

/* Begin PBXNativeTarget section */
		A36F430A251A375600FFBBDE /* VKApp */ = {
			isa = PBXNativeTarget;
			buildConfigurationList = A36F432A251A375800FFBBDE /* Build configuration list for PBXNativeTarget "VKApp" */;
			buildPhases = (
				8A7635E9610604D4619DE368 /* [CP] Check Pods Manifest.lock */,
				A36F4307251A375600FFBBDE /* Sources */,
				A36F4308251A375600FFBBDE /* Frameworks */,
				A36F4309251A375600FFBBDE /* Resources */,
				BB717F473EDE1D83C06A71F7 /* [CP] Embed Pods Frameworks */,
			);
			buildRules = (
			);
			dependencies = (
			);
			name = VKApp;
			productName = VKApp;
			productReference = A36F430B251A375600FFBBDE /* VKApp.app */;
			productType = "com.apple.product-type.application";
		};
		A36F4320251A375800FFBBDE /* VKAppTests */ = {
			isa = PBXNativeTarget;
			buildConfigurationList = A36F432D251A375800FFBBDE /* Build configuration list for PBXNativeTarget "VKAppTests" */;
			buildPhases = (
				A36F431D251A375800FFBBDE /* Sources */,
				A36F431E251A375800FFBBDE /* Frameworks */,
				A36F431F251A375800FFBBDE /* Resources */,
			);
			buildRules = (
			);
			dependencies = (
				A36F4323251A375800FFBBDE /* PBXTargetDependency */,
			);
			name = VKAppTests;
			productName = VKAppTests;
			productReference = A36F4321251A375800FFBBDE /* VKAppTests.xctest */;
			productType = "com.apple.product-type.bundle.unit-test";
		};
/* End PBXNativeTarget section */

/* Begin PBXProject section */
		A36F4303251A375600FFBBDE /* Project object */ = {
			isa = PBXProject;
			attributes = {
				LastSwiftUpdateCheck = 1170;
				LastUpgradeCheck = 1170;
				ORGANIZATIONNAME = "Zelinskaya Anna";
				TargetAttributes = {
					A36F430A251A375600FFBBDE = {
						CreatedOnToolsVersion = 11.7;
					};
					A36F4320251A375800FFBBDE = {
						CreatedOnToolsVersion = 11.7;
						TestTargetID = A36F430A251A375600FFBBDE;
					};
				};
			};
			buildConfigurationList = A36F4306251A375600FFBBDE /* Build configuration list for PBXProject "VKApp" */;
			compatibilityVersion = "Xcode 9.3";
			developmentRegion = en;
			hasScannedForEncodings = 0;
			knownRegions = (
				en,
				Base,
			);
			mainGroup = A36F4302251A375600FFBBDE;
			productRefGroup = A36F430C251A375600FFBBDE /* Products */;
			projectDirPath = "";
			projectRoot = "";
			targets = (
				A36F430A251A375600FFBBDE /* VKApp */,
				A36F4320251A375800FFBBDE /* VKAppTests */,
			);
		};
/* End PBXProject section */

/* Begin PBXResourcesBuildPhase section */
		A36F4309251A375600FFBBDE /* Resources */ = {
			isa = PBXResourcesBuildPhase;
			buildActionMask = 2147483647;
			files = (
				A36F431B251A375800FFBBDE /* LaunchScreen.storyboard in Resources */,
				A36F4318251A375800FFBBDE /* Assets.xcassets in Resources */,
				A36F4316251A375600FFBBDE /* Main.storyboard in Resources */,
				A3786227252EFE8D00AF866D /* PostTableViewCell.xib in Resources */,
			);
			runOnlyForDeploymentPostprocessing = 0;
		};
		A36F431F251A375800FFBBDE /* Resources */ = {
			isa = PBXResourcesBuildPhase;
			buildActionMask = 2147483647;
			files = (
			);
			runOnlyForDeploymentPostprocessing = 0;
		};
/* End PBXResourcesBuildPhase section */

/* Begin PBXShellScriptBuildPhase section */
		8A7635E9610604D4619DE368 /* [CP] Check Pods Manifest.lock */ = {
			isa = PBXShellScriptBuildPhase;
			buildActionMask = 2147483647;
			files = (
			);
			inputFileListPaths = (
			);
			inputPaths = (
				"${PODS_PODFILE_DIR_PATH}/Podfile.lock",
				"${PODS_ROOT}/Manifest.lock",
			);
			name = "[CP] Check Pods Manifest.lock";
			outputFileListPaths = (
			);
			outputPaths = (
				"$(DERIVED_FILE_DIR)/Pods-VKApp-checkManifestLockResult.txt",
			);
			runOnlyForDeploymentPostprocessing = 0;
			shellPath = /bin/sh;
			shellScript = "diff \"${PODS_PODFILE_DIR_PATH}/Podfile.lock\" \"${PODS_ROOT}/Manifest.lock\" > /dev/null\nif [ $? != 0 ] ; then\n    # print error to STDERR\n    echo \"error: The sandbox is not in sync with the Podfile.lock. Run 'pod install' or update your CocoaPods installation.\" >&2\n    exit 1\nfi\n# This output is used by Xcode 'outputs' to avoid re-running this script phase.\necho \"SUCCESS\" > \"${SCRIPT_OUTPUT_FILE_0}\"\n";
			showEnvVarsInLog = 0;
		};
		BB717F473EDE1D83C06A71F7 /* [CP] Embed Pods Frameworks */ = {
			isa = PBXShellScriptBuildPhase;
			buildActionMask = 2147483647;
			files = (
			);
			inputFileListPaths = (
				"${PODS_ROOT}/Target Support Files/Pods-VKApp/Pods-VKApp-frameworks-${CONFIGURATION}-input-files.xcfilelist",
			);
			name = "[CP] Embed Pods Frameworks";
			outputFileListPaths = (
				"${PODS_ROOT}/Target Support Files/Pods-VKApp/Pods-VKApp-frameworks-${CONFIGURATION}-output-files.xcfilelist",
			);
			runOnlyForDeploymentPostprocessing = 0;
			shellPath = /bin/sh;
			shellScript = "\"${PODS_ROOT}/Target Support Files/Pods-VKApp/Pods-VKApp-frameworks.sh\"\n";
			showEnvVarsInLog = 0;
		};
/* End PBXShellScriptBuildPhase section */

/* Begin PBXSourcesBuildPhase section */
		A36F4307251A375600FFBBDE /* Sources */ = {
			isa = PBXSourcesBuildPhase;
			buildActionMask = 2147483647;
			files = (
				A3CFED5D25387CE70073C0D2 /* PostItem.swift in Sources */,
				A36F4313251A375600FFBBDE /* AuthorizationViewController.swift in Sources */,
				A36F430F251A375600FFBBDE /* AppDelegate.swift in Sources */,
				A3CFED592538744B0073C0D2 /* PostsService.swift in Sources */,
				A3CFED6225389BB70073C0D2 /* AuthorItem.swift in Sources */,
				A3786223252EFC3900AF866D /* PostsTableViewController.swift in Sources */,
				A3CFED5E25387DCC0073C0D2 /* PostCellViewModel.swift in Sources */,
				A3CFED6025388F060073C0D2 /* UIImageView+Extensions.swift in Sources */,
				A3786226252EFE8D00AF866D /* PostTableViewCell.swift in Sources */,
			);
			runOnlyForDeploymentPostprocessing = 0;
		};
		A36F431D251A375800FFBBDE /* Sources */ = {
			isa = PBXSourcesBuildPhase;
			buildActionMask = 2147483647;
			files = (
			);
			runOnlyForDeploymentPostprocessing = 0;
		};
/* End PBXSourcesBuildPhase section */

/* Begin PBXTargetDependency section */
		A36F4323251A375800FFBBDE /* PBXTargetDependency */ = {
			isa = PBXTargetDependency;
			target = A36F430A251A375600FFBBDE /* VKApp */;
			targetProxy = A36F4322251A375800FFBBDE /* PBXContainerItemProxy */;
		};
/* End PBXTargetDependency section */

/* Begin PBXVariantGroup section */
		A36F4314251A375600FFBBDE /* Main.storyboard */ = {
			isa = PBXVariantGroup;
			children = (
				A36F4315251A375600FFBBDE /* Base */,
			);
			name = Main.storyboard;
			sourceTree = "<group>";
		};
		A36F4319251A375800FFBBDE /* LaunchScreen.storyboard */ = {
			isa = PBXVariantGroup;
			children = (
				A36F431A251A375800FFBBDE /* Base */,
			);
			name = LaunchScreen.storyboard;
			sourceTree = "<group>";
		};
/* End PBXVariantGroup section */

/* Begin XCBuildConfiguration section */
		A36F4328251A375800FFBBDE /* Debug */ = {
			isa = XCBuildConfiguration;
			buildSettings = {
				ALWAYS_SEARCH_USER_PATHS = NO;
				CLANG_ANALYZER_NONNULL = YES;
				CLANG_ANALYZER_NUMBER_OBJECT_CONVERSION = YES_AGGRESSIVE;
				CLANG_CXX_LANGUAGE_STANDARD = "gnu++14";
				CLANG_CXX_LIBRARY = "libc++";
				CLANG_ENABLE_MODULES = YES;
				CLANG_ENABLE_OBJC_ARC = YES;
				CLANG_ENABLE_OBJC_WEAK = YES;
				CLANG_WARN_BLOCK_CAPTURE_AUTORELEASING = YES;
				CLANG_WARN_BOOL_CONVERSION = YES;
				CLANG_WARN_COMMA = YES;
				CLANG_WARN_CONSTANT_CONVERSION = YES;
				CLANG_WARN_DEPRECATED_OBJC_IMPLEMENTATIONS = YES;
				CLANG_WARN_DIRECT_OBJC_ISA_USAGE = YES_ERROR;
				CLANG_WARN_DOCUMENTATION_COMMENTS = YES;
				CLANG_WARN_EMPTY_BODY = YES;
				CLANG_WARN_ENUM_CONVERSION = YES;
				CLANG_WARN_INFINITE_RECURSION = YES;
				CLANG_WARN_INT_CONVERSION = YES;
				CLANG_WARN_NON_LITERAL_NULL_CONVERSION = YES;
				CLANG_WARN_OBJC_IMPLICIT_RETAIN_SELF = YES;
				CLANG_WARN_OBJC_LITERAL_CONVERSION = YES;
				CLANG_WARN_OBJC_ROOT_CLASS = YES_ERROR;
				CLANG_WARN_RANGE_LOOP_ANALYSIS = YES;
				CLANG_WARN_STRICT_PROTOTYPES = YES;
				CLANG_WARN_SUSPICIOUS_MOVE = YES;
				CLANG_WARN_UNGUARDED_AVAILABILITY = YES_AGGRESSIVE;
				CLANG_WARN_UNREACHABLE_CODE = YES;
				CLANG_WARN__DUPLICATE_METHOD_MATCH = YES;
				COPY_PHASE_STRIP = NO;
				DEBUG_INFORMATION_FORMAT = dwarf;
				ENABLE_STRICT_OBJC_MSGSEND = YES;
				ENABLE_TESTABILITY = YES;
				GCC_C_LANGUAGE_STANDARD = gnu11;
				GCC_DYNAMIC_NO_PIC = NO;
				GCC_NO_COMMON_BLOCKS = YES;
				GCC_OPTIMIZATION_LEVEL = 0;
				GCC_PREPROCESSOR_DEFINITIONS = (
					"DEBUG=1",
					"$(inherited)",
				);
				GCC_WARN_64_TO_32_BIT_CONVERSION = YES;
				GCC_WARN_ABOUT_RETURN_TYPE = YES_ERROR;
				GCC_WARN_UNDECLARED_SELECTOR = YES;
				GCC_WARN_UNINITIALIZED_AUTOS = YES_AGGRESSIVE;
				GCC_WARN_UNUSED_FUNCTION = YES;
				GCC_WARN_UNUSED_VARIABLE = YES;
				IPHONEOS_DEPLOYMENT_TARGET = 13.7;
				MTL_ENABLE_DEBUG_INFO = INCLUDE_SOURCE;
				MTL_FAST_MATH = YES;
				ONLY_ACTIVE_ARCH = YES;
				SDKROOT = iphoneos;
				SWIFT_ACTIVE_COMPILATION_CONDITIONS = DEBUG;
				SWIFT_OPTIMIZATION_LEVEL = "-Onone";
			};
			name = Debug;
		};
		A36F4329251A375800FFBBDE /* Release */ = {
			isa = XCBuildConfiguration;
			buildSettings = {
				ALWAYS_SEARCH_USER_PATHS = NO;
				CLANG_ANALYZER_NONNULL = YES;
				CLANG_ANALYZER_NUMBER_OBJECT_CONVERSION = YES_AGGRESSIVE;
				CLANG_CXX_LANGUAGE_STANDARD = "gnu++14";
				CLANG_CXX_LIBRARY = "libc++";
				CLANG_ENABLE_MODULES = YES;
				CLANG_ENABLE_OBJC_ARC = YES;
				CLANG_ENABLE_OBJC_WEAK = YES;
				CLANG_WARN_BLOCK_CAPTURE_AUTORELEASING = YES;
				CLANG_WARN_BOOL_CONVERSION = YES;
				CLANG_WARN_COMMA = YES;
				CLANG_WARN_CONSTANT_CONVERSION = YES;
				CLANG_WARN_DEPRECATED_OBJC_IMPLEMENTATIONS = YES;
				CLANG_WARN_DIRECT_OBJC_ISA_USAGE = YES_ERROR;
				CLANG_WARN_DOCUMENTATION_COMMENTS = YES;
				CLANG_WARN_EMPTY_BODY = YES;
				CLANG_WARN_ENUM_CONVERSION = YES;
				CLANG_WARN_INFINITE_RECURSION = YES;
				CLANG_WARN_INT_CONVERSION = YES;
				CLANG_WARN_NON_LITERAL_NULL_CONVERSION = YES;
				CLANG_WARN_OBJC_IMPLICIT_RETAIN_SELF = YES;
				CLANG_WARN_OBJC_LITERAL_CONVERSION = YES;
				CLANG_WARN_OBJC_ROOT_CLASS = YES_ERROR;
				CLANG_WARN_RANGE_LOOP_ANALYSIS = YES;
				CLANG_WARN_STRICT_PROTOTYPES = YES;
				CLANG_WARN_SUSPICIOUS_MOVE = YES;
				CLANG_WARN_UNGUARDED_AVAILABILITY = YES_AGGRESSIVE;
				CLANG_WARN_UNREACHABLE_CODE = YES;
				CLANG_WARN__DUPLICATE_METHOD_MATCH = YES;
				COPY_PHASE_STRIP = NO;
				DEBUG_INFORMATION_FORMAT = "dwarf-with-dsym";
				ENABLE_NS_ASSERTIONS = NO;
				ENABLE_STRICT_OBJC_MSGSEND = YES;
				GCC_C_LANGUAGE_STANDARD = gnu11;
				GCC_NO_COMMON_BLOCKS = YES;
				GCC_WARN_64_TO_32_BIT_CONVERSION = YES;
				GCC_WARN_ABOUT_RETURN_TYPE = YES_ERROR;
				GCC_WARN_UNDECLARED_SELECTOR = YES;
				GCC_WARN_UNINITIALIZED_AUTOS = YES_AGGRESSIVE;
				GCC_WARN_UNUSED_FUNCTION = YES;
				GCC_WARN_UNUSED_VARIABLE = YES;
				IPHONEOS_DEPLOYMENT_TARGET = 13.7;
				MTL_ENABLE_DEBUG_INFO = NO;
				MTL_FAST_MATH = YES;
				SDKROOT = iphoneos;
				SWIFT_COMPILATION_MODE = wholemodule;
				SWIFT_OPTIMIZATION_LEVEL = "-O";
				VALIDATE_PRODUCT = YES;
			};
			name = Release;
		};
		A36F432B251A375800FFBBDE /* Debug */ = {
			isa = XCBuildConfiguration;
			baseConfigurationReference = 3CB43AC6FC60E94F01796597 /* Pods-VKApp.debug.xcconfig */;
			buildSettings = {
				ASSETCATALOG_COMPILER_APPICON_NAME = AppIcon;
				CODE_SIGN_STYLE = Automatic;
				DEVELOPMENT_TEAM = R2LD5Y5UCN;
				INFOPLIST_FILE = VKApp/Info.plist;
				LD_RUNPATH_SEARCH_PATHS = (
					"$(inherited)",
					"@executable_path/Frameworks",
				);
				PRODUCT_BUNDLE_IDENTIFIER = com.zelinskaya.VKApp;
				PRODUCT_NAME = "$(TARGET_NAME)";
				SWIFT_VERSION = 5.0;
				TARGETED_DEVICE_FAMILY = "1,2";
			};
			name = Debug;
		};
		A36F432C251A375800FFBBDE /* Release */ = {
			isa = XCBuildConfiguration;
			baseConfigurationReference = 6E132CB74084FB231236546A /* Pods-VKApp.release.xcconfig */;
			buildSettings = {
				ASSETCATALOG_COMPILER_APPICON_NAME = AppIcon;
				CODE_SIGN_STYLE = Automatic;
				DEVELOPMENT_TEAM = R2LD5Y5UCN;
				INFOPLIST_FILE = VKApp/Info.plist;
				LD_RUNPATH_SEARCH_PATHS = (
					"$(inherited)",
					"@executable_path/Frameworks",
				);
				PRODUCT_BUNDLE_IDENTIFIER = com.zelinskaya.VKApp;
				PRODUCT_NAME = "$(TARGET_NAME)";
				SWIFT_VERSION = 5.0;
				TARGETED_DEVICE_FAMILY = "1,2";
			};
			name = Release;
		};
		A36F432E251A375800FFBBDE /* Debug */ = {
			isa = XCBuildConfiguration;
			buildSettings = {
				ALWAYS_EMBED_SWIFT_STANDARD_LIBRARIES = YES;
				BUNDLE_LOADER = "$(TEST_HOST)";
				CODE_SIGN_STYLE = Automatic;
				INFOPLIST_FILE = VKAppTests/Info.plist;
				IPHONEOS_DEPLOYMENT_TARGET = 13.7;
				LD_RUNPATH_SEARCH_PATHS = (
					"$(inherited)",
					"@executable_path/Frameworks",
					"@loader_path/Frameworks",
				);
				PRODUCT_BUNDLE_IDENTIFIER = com.zelinskaya.VKAppTests;
				PRODUCT_NAME = "$(TARGET_NAME)";
				SWIFT_VERSION = 5.0;
				TARGETED_DEVICE_FAMILY = "1,2";
				TEST_HOST = "$(BUILT_PRODUCTS_DIR)/VKApp.app/VKApp";
			};
			name = Debug;
		};
		A36F432F251A375800FFBBDE /* Release */ = {
			isa = XCBuildConfiguration;
			buildSettings = {
				ALWAYS_EMBED_SWIFT_STANDARD_LIBRARIES = YES;
				BUNDLE_LOADER = "$(TEST_HOST)";
				CODE_SIGN_STYLE = Automatic;
				INFOPLIST_FILE = VKAppTests/Info.plist;
				IPHONEOS_DEPLOYMENT_TARGET = 13.7;
				LD_RUNPATH_SEARCH_PATHS = (
					"$(inherited)",
					"@executable_path/Frameworks",
					"@loader_path/Frameworks",
				);
				PRODUCT_BUNDLE_IDENTIFIER = com.zelinskaya.VKAppTests;
				PRODUCT_NAME = "$(TARGET_NAME)";
				SWIFT_VERSION = 5.0;
				TARGETED_DEVICE_FAMILY = "1,2";
				TEST_HOST = "$(BUILT_PRODUCTS_DIR)/VKApp.app/VKApp";
			};
			name = Release;
		};
/* End XCBuildConfiguration section */

/* Begin XCConfigurationList section */
		A36F4306251A375600FFBBDE /* Build configuration list for PBXProject "VKApp" */ = {
			isa = XCConfigurationList;
			buildConfigurations = (
				A36F4328251A375800FFBBDE /* Debug */,
				A36F4329251A375800FFBBDE /* Release */,
			);
			defaultConfigurationIsVisible = 0;
			defaultConfigurationName = Release;
		};
		A36F432A251A375800FFBBDE /* Build configuration list for PBXNativeTarget "VKApp" */ = {
			isa = XCConfigurationList;
			buildConfigurations = (
				A36F432B251A375800FFBBDE /* Debug */,
				A36F432C251A375800FFBBDE /* Release */,
			);
			defaultConfigurationIsVisible = 0;
			defaultConfigurationName = Release;
		};
		A36F432D251A375800FFBBDE /* Build configuration list for PBXNativeTarget "VKAppTests" */ = {
			isa = XCConfigurationList;
			buildConfigurations = (
				A36F432E251A375800FFBBDE /* Debug */,
				A36F432F251A375800FFBBDE /* Release */,
			);
			defaultConfigurationIsVisible = 0;
			defaultConfigurationName = Release;
		};
/* End XCConfigurationList section */
	};
	rootObject = A36F4303251A375600FFBBDE /* Project object */;
}
